// !$*UTF8*$!
{
	archiveVersion = 1;
	classes = {
	};
	objectVersion = 56;
	objects = {

/* Begin PBXBuildFile section */
		AD00000000000000000000B1 /* AtlasDriverRunnerTests.swift in Sources */ = {isa = PBXBuildFile; fileRef = AD00000000000000000000F1 /* AtlasDriverRunnerTests.swift */; };
		AD00000000000000000000B2 /* DriverHTTPServer.swift in Sources */ = {isa = PBXBuildFile; fileRef = AD00000000000000000000F2 /* DriverHTTPServer.swift */; };
		AD00000000000000000000B3 /* DriverCommands.swift in Sources */ = {isa = PBXBuildFile; fileRef = AD00000000000000000000F3 /* DriverCommands.swift */; };
		AD00000000000000000000B4 /* DriverErrors.swift in Sources */ = {isa = PBXBuildFile; fileRef = AD00000000000000000000F4 /* DriverErrors.swift */; };
/* End PBXBuildFile section */

/* Begin PBXFileReference section */
		AD00000000000000000000E1 /* AtlasDriverRunner.xctest */ = {isa = PBXFileReference; explicitFileType = wrapper.cfbundle; includeInIndex = 0; path = AtlasDriverRunner.xctest; sourceTree = BUILT_PRODUCTS_DIR; };
		AD00000000000000000000F1 /* AtlasDriverRunnerTests.swift */ = {isa = PBXFileReference; lastKnownFileType = sourcecode.swift; path = AtlasDriverRunnerTests.swift; sourceTree = "<group>"; };
		AD00000000000000000000F2 /* DriverHTTPServer.swift */ = {isa = PBXFileReference; lastKnownFileType = sourcecode.swift; path = DriverHTTPServer.swift; sourceTree = "<group>"; };
		AD00000000000000000000F3 /* DriverCommands.swift */ = {isa = PBXFileReference; lastKnownFileType = sourcecode.swift; path = DriverCommands.swift; sourceTree = "<group>"; };
		AD00000000000000000000F4 /* DriverErrors.swift */ = {isa = PBXFileReference; lastKnownFileType = sourcecode.swift; path = DriverErrors.swift; sourceTree = "<group>"; };
/* End PBXFileReference section */

/* Begin PBXFrameworksBuildPhase section */
		AD00000000000000000000A2 /* Frameworks */ = {
			isa = PBXFrameworksBuildPhase;
			buildActionMask = 2147483647;
			files = (
			);
			runOnlyForDeploymentPostprocessing = 0;
		};
/* End PBXFrameworksBuildPhase section */

/* Begin PBXGroup section */
		AD0000000000000000000001 = {
			isa = PBXGroup;
			children = (
				AD0000000000000000000003 /* AtlasDriverRunner */,
				AD0000000000000000000002 /* Products */,
			);
			sourceTree = "<group>";
		};
		AD0000000000000000000002 /* Products */ = {
			isa = PBXGroup;
			children = (
				AD00000000000000000000E1 /* AtlasDriverRunner.xctest */,
			);
			name = Products;
			sourceTree = "<group>";
		};
		AD0000000000000000000003 /* AtlasDriverRunner */ = {
			isa = PBXGroup;
			children = (
				AD00000000000000000000F1 /* AtlasDriverRunnerTests.swift */,
				AD00000000000000000000F2 /* DriverHTTPServer.swift */,
				AD00000000000000000000F3 /* DriverCommands.swift */,
				AD00000000000000000000F4 /* DriverErrors.swift */,
			);
			path = AtlasDriverRunner;
			sourceTree = "<group>";
		};
/* End PBXGroup section */

/* Begin PBXNativeTarget section */
		AD0000000000000000000010 /* AtlasDriverRunner */ = {
			isa = PBXNativeTarget;
			buildConfigurationList = AD0000000000000000000030 /* Build configuration list for PBXNativeTarget "AtlasDriverRunner" */;
			buildPhases = (
				AD00000000000000000000A1 /* Sources */,
				AD00000000000000000000A2 /* Frameworks */,
				AD00000000000000000000A3 /* Resources */,
			);
			buildRules = (
			);
			dependencies = (
			);
			name = AtlasDriverRunner;
			productName = AtlasDriverRunner;
			productReference = AD00000000000000000000E1 /* AtlasDriverRunner.xctest */;
			productType = "com.apple.product-type.bundle.ui-testing";
		};
/* End PBXNativeTarget section */

/* Begin PBXProject section */
		AD0000000000000000000000 /* Project object */ = {
			isa = PBXProject;
			attributes = {
				BuildIndependentTargetsInParallel = 1;
				LastSwiftUpdateCheck = 2660;
				LastUpgradeCheck = 2660;
				TargetAttributes = {
					AD0000000000000000000010 = {
						CreatedOnToolsVersion = 26.6;
					};
				};
			};
			buildConfigurationList = AD0000000000000000000020 /* Build configuration list for PBXProject "AtlasDriverRunner" */;
			compatibilityVersion = "Xcode 14.0";
			developmentRegion = en;
			hasScannedForEncodings = 0;
			knownRegions = (
				en,
				Base,
			);
			mainGroup = AD0000000000000000000001;
			productRefGroup = AD0000000000000000000002 /* Products */;
			projectDirPath = "";
			projectRoot = "";
			targets = (
				AD0000000000000000000010 /* AtlasDriverRunner */,
			);
		};
/* End PBXProject section */

/* Begin PBXResourcesBuildPhase section */
		AD00000000000000000000A3 /* Resources */ = {
			isa = PBXResourcesBuildPhase;
			buildActionMask = 2147483647;
			files = (
			);
			runOnlyForDeploymentPostprocessing = 0;
		};
/* End PBXResourcesBuildPhase section */

/* Begin PBXSourcesBuildPhase section */
		AD00000000000000000000A1 /* Sources */ = {
			isa = PBXSourcesBuildPhase;
			buildActionMask = 2147483647;
			files = (
				AD00000000000000000000B1 /* AtlasDriverRunnerTests.swift in Sources */,
				AD00000000000000000000B2 /* DriverHTTPServer.swift in Sources */,
				AD00000000000000000000B3 /* DriverCommands.swift in Sources */,
				AD00000000000000000000B4 /* DriverErrors.swift in Sources */,
			);
			runOnlyForDeploymentPostprocessing = 0;
		};
/* End PBXSourcesBuildPhase section */

/* Begin XCBuildConfiguration section */
		AD0000000000000000000021 /* Debug */ = {
			isa = XCBuildConfiguration;
			buildSettings = {
				ALWAYS_SEARCH_USER_PATHS = NO;
				CLANG_ANALYZER_NONNULL = YES;
				CLANG_CXX_LANGUAGE_STANDARD = "gnu++20";
				CLANG_ENABLE_MODULES = YES;
				CLANG_ENABLE_OBJC_ARC = YES;
				CLANG_ENABLE_OBJC_WEAK = YES;
				CLANG_WARN_BOOL_CONVERSION = YES;
				CLANG_WARN_EMPTY_BODY = YES;
				CLANG_WARN_ENUM_CONVERSION = YES;
				CLANG_WARN_INFINITE_RECURSION = YES;
				CLANG_WARN_INT_CONVERSION = YES;
				CLANG_WARN_UNREACHABLE_CODE = YES;
				COPY_PHASE_STRIP = NO;
				DEBUG_INFORMATION_FORMAT = dwarf;
				ENABLE_STRICT_OBJC_MSGSEND = YES;
				ENABLE_TESTABILITY = YES;
				GCC_C_LANGUAGE_STANDARD = gnu17;
				GCC_DYNAMIC_NO_PIC = NO;
				GCC_NO_COMMON_BLOCKS = YES;
				GCC_OPTIMIZATION_LEVEL = 0;
				GCC_PREPROCESSOR_DEFINITIONS = (
					"DEBUG=1",
					"$(inherited)",
				);
				IPHONEOS_DEPLOYMENT_TARGET = 17.0;
				MTL_ENABLE_DEBUG_INFO = INCLUDE_SOURCE;
				MTL_FAST_MATH = YES;
				ONLY_ACTIVE_ARCH = YES;
				SDKROOT = iphoneos;
				SWIFT_ACTIVE_COMPILATION_CONDITIONS = DEBUG;
				SWIFT_OPTIMIZATION_LEVEL = "-Onone";
			};
			name = Debug;
		};
		AD0000000000000000000022 /* Release */ = {
			isa = XCBuildConfiguration;
			buildSettings = {
				ALWAYS_SEARCH_USER_PATHS = NO;
				CLANG_ANALYZER_NONNULL = YES;
				CLANG_CXX_LANGUAGE_STANDARD = "gnu++20";
				CLANG_ENABLE_MODULES = YES;
				CLANG_ENABLE_OBJC_ARC = YES;
				CLANG_ENABLE_OBJC_WEAK = YES;
				CLANG_WARN_BOOL_CONVERSION = YES;
				CLANG_WARN_EMPTY_BODY = YES;
				CLANG_WARN_ENUM_CONVERSION = YES;
				CLANG_WARN_INFINITE_RECURSION = YES;
				CLANG_WARN_INT_CONVERSION = YES;
				CLANG_WARN_UNREACHABLE_CODE = YES;
				COPY_PHASE_STRIP = NO;
				DEBUG_INFORMATION_FORMAT = "dwarf-with-dsym";
				ENABLE_NS_ASSERTIONS = NO;
				ENABLE_STRICT_OBJC_MSGSEND = YES;
				GCC_C_LANGUAGE_STANDARD = gnu17;
				GCC_NO_COMMON_BLOCKS = YES;
				IPHONEOS_DEPLOYMENT_TARGET = 17.0;
				MTL_ENABLE_DEBUG_INFO = NO;
				MTL_FAST_MATH = YES;
				SDKROOT = iphoneos;
				SWIFT_COMPILATION_MODE = wholemodule;
				VALIDATE_PRODUCT = YES;
			};
			name = Release;
		};
		AD0000000000000000000031 /* Debug */ = {
			isa = XCBuildConfiguration;
			buildSettings = {
				CODE_SIGNING_ALLOWED = NO;
				CODE_SIGN_STYLE = Automatic;
				CURRENT_PROJECT_VERSION = 1;
				GENERATE_INFOPLIST_FILE = YES;
				MARKETING_VERSION = 1.0;
				PRODUCT_BUNDLE_IDENTIFIER = app.atlasloop.AtlasDriverRunner;
				PRODUCT_NAME = "$(TARGET_NAME)";
				SUPPORTED_PLATFORMS = "iphoneos iphonesimulator";
				SUPPORTS_MACCATALYST = NO;
				SWIFT_EMIT_LOC_STRINGS = NO;
				SWIFT_VERSION = 5.0;
				TARGETED_DEVICE_FAMILY = "1,2";
			};
			name = Debug;
		};
		AD0000000000000000000032 /* Release */ = {
			isa = XCBuildConfiguration;
			buildSettings = {
				CODE_SIGNING_ALLOWED = NO;
				CODE_SIGN_STYLE = Automatic;
				CURRENT_PROJECT_VERSION = 1;
				GENERATE_INFOPLIST_FILE = YES;
				MARKETING_VERSION = 1.0;
				PRODUCT_BUNDLE_IDENTIFIER = app.atlasloop.AtlasDriverRunner;
				PRODUCT_NAME = "$(TARGET_NAME)";
				SUPPORTED_PLATFORMS = "iphoneos iphonesimulator";
				SUPPORTS_MACCATALYST = NO;
				SWIFT_EMIT_LOC_STRINGS = NO;
				SWIFT_VERSION = 5.0;
				TARGETED_DEVICE_FAMILY = "1,2";
			};
			name = Release;
		};
/* End XCBuildConfiguration section */

/* Begin XCConfigurationList section */
		AD0000000000000000000020 /* Build configuration list for PBXProject "AtlasDriverRunner" */ = {
			isa = XCConfigurationList;
			buildConfigurations = (
				AD0000000000000000000021 /* Debug */,
				AD0000000000000000000022 /* Release */,
			);
			defaultConfigurationIsVisible = 0;
			defaultConfigurationName = Release;
		};
		AD0000000000000000000030 /* Build configuration list for PBXNativeTarget "AtlasDriverRunner" */ = {
			isa = XCConfigurationList;
			buildConfigurations = (
				AD0000000000000000000031 /* Debug */,
				AD0000000000000000000032 /* Release */,
			);
			defaultConfigurationIsVisible = 0;
			defaultConfigurationName = Release;
		};
/* End XCConfigurationList section */
	};
	rootObject = AD0000000000000000000000 /* Project object */;
}
